
Microsoft Visual Studio Solution File, Format Version 12.00
# Visual Studio Version 17
VisualStudioVersion = 17.0.32014.148
MinimumVisualStudioVersion = 10.0.40219.1
Project("{FAE04EC0-301F-11D3-BF4B-00C04F79EFBC}") = "Training", "Training\Training.csproj", "{4CDFFF1E-2FC1-4243-A5F6-D47D1B2C5D1E}"
EndProject
Global
	GlobalSection(SolutionConfigurationPlatforms) = preSolution
		Debug|Any CPU = Debug|Any CPU
		Release|Any CPU = Release|Any CPU
	EndGlobalSection
	GlobalSection(ProjectConfigurationPlatforms) = postSolution
		{4CDFFF1E-2FC1-4243-A5F6-D47D1B2C5D1E}.Debug|Any CPU.ActiveCfg = Debug|Any CPU
		{4CDFFF1E-2FC1-4243-A5F6-D47D1B2C5D1E}.Debug|Any CPU.Build.0 = Debug|Any CPU
		{4CDFFF1E-2FC1-4243-A5F6-D47D1B2C5D1E}.Release|Any CPU.ActiveCfg = Release|Any CPU
		{4CDFFF1E-2FC1-4243-A5F6-D47D1B2C5D1E}.Release|Any CPU.Build.0 = Release|Any CPU
	EndGlobalSection
	GlobalSection(SolutionProperties) = preSolution
		HideSolutionNode = FALSE
	EndGlobalSection
	GlobalSection(ExtensibilityGlobals) = postSolution
		SolutionGuid = {00C6AB3C-796E-488E-B319-9BB6D52B4A5B}
	EndGlobalSection
EndGlobal
